// !$*UTF8*$!
{
	archiveVersion = 1;
	classes = {
	};
	objectVersion = 56;
	objects = {

/* Begin PBXBuildFile section */
		0F06ACB53FB40AD71FE66B37 /* Pods_TYSpriteSdkDemo.framework in Frameworks */ = {isa = PBXBuildFile; fileRef = AB1D4397AB1EBC850C222001 /* Pods_TYSpriteSdkDemo.framework */; };
		18D62A222D27EEA2001B2F4B /* AppDelegate.swift in Sources */ = {isa = PBXBuildFile; fileRef = 18D62A212D27EEA2001B2F4B /* AppDelegate.swift */; };
		18D62A242D27EEA2001B2F4B /* SceneDelegate.swift in Sources */ = {isa = PBXBuildFile; fileRef = 18D62A232D27EEA2001B2F4B /* SceneDelegate.swift */; };
		18D62A262D27EEA2001B2F4B /* ViewController.swift in Sources */ = {isa = PBXBuildFile; fileRef = 18D62A252D27EEA2001B2F4B /* ViewController.swift */; };
		18D62A292D27EEA2001B2F4B /* Base in Resources */ = {isa = PBXBuildFile; fileRef = 18D62A282D27EEA2001B2F4B /* Base */; };
		18D62A2B2D27EEA3001B2F4B /* Assets.xcassets in Resources */ = {isa = PBXBuildFile; fileRef = 18D62A2A2D27EEA3001B2F4B /* Assets.xcassets */; };
		18D62A2E2D27EEA3001B2F4B /* Base in Resources */ = {isa = PBXBuildFile; fileRef = 18D62A2D2D27EEA3001B2F4B /* Base */; };
		18D62A562D27F570001B2F4B /* NativeWindowHostView.swift in Sources */ = {isa = PBXBuildFile; fileRef = 18D62A472D27F570001B2F4B /* NativeWindowHostView.swift */; };
		18D62A572D27F570001B2F4B /* Display.podspec in Resources */ = {isa = PBXBuildFile; fileRef = 18D62A4A2D27F570001B2F4B /* Display.podspec */; };
		18D62A582D27F570001B2F4B /* LICENSE in Resources */ = {isa = PBXBuildFile; fileRef = 18D62A4C2D27F570001B2F4B /* LICENSE */; };
		18D62A592D27F570001B2F4B /* LICENSE in Resources */ = {isa = PBXBuildFile; fileRef = 18D62A4E2D27F570001B2F4B /* LICENSE */; };
		18D62A5A2D27F570001B2F4B /* TYSpriteSdk.podspec in Resources */ = {isa = PBXBuildFile; fileRef = 18D62A4F2D27F570001B2F4B /* TYSpriteSdk.podspec */; };
/* End PBXBuildFile section */

/* Begin PBXContainerItemProxy section */
		18D62A542D27F570001B2F4B /* PBXContainerItemProxy */ = {
			isa = PBXContainerItemProxy;
			containerPortal = 18D62A4B2D27F570001B2F4B /* Display.xcodeproj */;
			proxyType = 2;
			remoteGlobalIDString = 18D629D12D27D185001B2F4B;
			remoteInfo = Display;
		};
/* End PBXContainerItemProxy section */

/* Begin PBXFileReference section */
		18D62A1E2D27EEA2001B2F4B /* TYSpriteSdkDemo.app */ = {isa = PBXFileReference; explicitFileType = wrapper.application; includeInIndex = 0; path = TYSpriteSdkDemo.app; sourceTree = BUILT_PRODUCTS_DIR; };
		18D62A212D27EEA2001B2F4B /* AppDelegate.swift */ = {isa = PBXFileReference; lastKnownFileType = sourcecode.swift; path = AppDelegate.swift; sourceTree = "<group>"; };
		18D62A232D27EEA2001B2F4B /* SceneDelegate.swift */ = {isa = PBXFileReference; lastKnownFileType = sourcecode.swift; path = SceneDelegate.swift; sourceTree = "<group>"; };
		18D62A252D27EEA2001B2F4B /* ViewController.swift */ = {isa = PBXFileReference; lastKnownFileType = sourcecode.swift; path = ViewController.swift; sourceTree = "<group>"; };
		18D62A282D27EEA2001B2F4B /* Base */ = {isa = PBXFileReference; lastKnownFileType = file.storyboard; name = Base; path = Base.lproj/Main.storyboard; sourceTree = "<group>"; };
		18D62A2A2D27EEA3001B2F4B /* Assets.xcassets */ = {isa = PBXFileReference; lastKnownFileType = folder.assetcatalog; path = Assets.xcassets; sourceTree = "<group>"; };
		18D62A2D2D27EEA3001B2F4B /* Base */ = {isa = PBXFileReference; lastKnownFileType = file.storyboard; name = Base; path = Base.lproj/LaunchScreen.storyboard; sourceTree = "<group>"; };
		18D62A2F2D27EEA3001B2F4B /* Info.plist */ = {isa = PBXFileReference; lastKnownFileType = text.plist.xml; path = Info.plist; sourceTree = "<group>"; };
		18D62A472D27F570001B2F4B /* NativeWindowHostView.swift */ = {isa = PBXFileReference; fileEncoding = 4; lastKnownFileType = sourcecode.swift; path = NativeWindowHostView.swift; sourceTree = "<group>"; };
		18D62A4A2D27F570001B2F4B /* Display.podspec */ = {isa = PBXFileReference; fileEncoding = 4; lastKnownFileType = text; path = Display.podspec; sourceTree = "<group>"; };
		18D62A4B2D27F570001B2F4B /* Display.xcodeproj */ = {isa = PBXFileReference; lastKnownFileType = "wrapper.pb-project"; path = Display.xcodeproj; sourceTree = "<group>"; };
		18D62A4C2D27F570001B2F4B /* LICENSE */ = {isa = PBXFileReference; fileEncoding = 4; lastKnownFileType = text; path = LICENSE; sourceTree = "<group>"; };
		18D62A4E2D27F570001B2F4B /* LICENSE */ = {isa = PBXFileReference; fileEncoding = 4; lastKnownFileType = text; path = LICENSE; sourceTree = "<group>"; };
		18D62A4F2D27F570001B2F4B /* TYSpriteSdk.podspec */ = {isa = PBXFileReference; fileEncoding = 4; lastKnownFileType = text; path = TYSpriteSdk.podspec; sourceTree = "<group>"; };
		7CBF4BE6135EE835C38A9839 /* Pods-TYSpriteSdkDemo.release.xcconfig */ = {isa = PBXFileReference; includeInIndex = 1; lastKnownFileType = text.xcconfig; name = "Pods-TYSpriteSdkDemo.release.xcconfig"; path = "Target Support Files/Pods-TYSpriteSdkDemo/Pods-TYSpriteSdkDemo.release.xcconfig"; sourceTree = "<group>"; };
		AB1D4397AB1EBC850C222001 /* Pods_TYSpriteSdkDemo.framework */ = {isa = PBXFileReference; explicitFileType = wrapper.framework; includeInIndex = 0; path = Pods_TYSpriteSdkDemo.framework; sourceTree = BUILT_PRODUCTS_DIR; };
		E3D3F86CE5D12F5CEFA06D3C /* Pods-TYSpriteSdkDemo.debug.xcconfig */ = {isa = PBXFileReference; includeInIndex = 1; lastKnownFileType = text.xcconfig; name = "Pods-TYSpriteSdkDemo.debug.xcconfig"; path = "Target Support Files/Pods-TYSpriteSdkDemo/Pods-TYSpriteSdkDemo.debug.xcconfig"; sourceTree = "<group>"; };
/* End PBXFileReference section */

/* Begin PBXFrameworksBuildPhase section */
		18D62A1B2D27EEA2001B2F4B /* Frameworks */ = {
			isa = PBXFrameworksBuildPhase;
			buildActionMask = 2147483647;
			files = (
				0F06ACB53FB40AD71FE66B37 /* Pods_TYSpriteSdkDemo.framework in Frameworks */,
			);
			runOnlyForDeploymentPostprocessing = 0;
		};
/* End PBXFrameworksBuildPhase section */

/* Begin PBXGroup section */
		18D62A152D27EEA2001B2F4B = {
			isa = PBXGroup;
			children = (
				18D62A502D27F570001B2F4B /* TYSpriteSdk */,
				18D62A202D27EEA2001B2F4B /* TYSpriteSdkDemo */,
				18D62A1F2D27EEA2001B2F4B /* Products */,
				8D54CD8667655D9A02EC4C95 /* Pods */,
				39FFFAA12E629A1581CC8750 /* Frameworks */,
			);
			sourceTree = "<group>";
		};
		18D62A1F2D27EEA2001B2F4B /* Products */ = {
			isa = PBXGroup;
			children = (
				18D62A1E2D27EEA2001B2F4B /* TYSpriteSdkDemo.app */,
			);
			name = Products;
			sourceTree = "<group>";
		};
		18D62A202D27EEA2001B2F4B /* TYSpriteSdkDemo */ = {
			isa = PBXGroup;
			children = (
				18D62A212D27EEA2001B2F4B /* AppDelegate.swift */,
				18D62A232D27EEA2001B2F4B /* SceneDelegate.swift */,
				18D62A252D27EEA2001B2F4B /* ViewController.swift */,
				18D62A272D27EEA2001B2F4B /* Main.storyboard */,
				18D62A2A2D27EEA3001B2F4B /* Assets.xcassets */,
				18D62A2C2D27EEA3001B2F4B /* LaunchScreen.storyboard */,
				18D62A2F2D27EEA3001B2F4B /* Info.plist */,
			);
			path = TYSpriteSdkDemo;
			sourceTree = "<group>";
		};
		18D62A482D27F570001B2F4B /* Sources */ = {
			isa = PBXGroup;
			children = (
				18D62A472D27F570001B2F4B /* NativeWindowHostView.swift */,
			);
			path = Sources;
			sourceTree = "<group>";
		};
		18D62A492D27F570001B2F4B /* Display */ = {
			isa = PBXGroup;
			children = (
				18D62A482D27F570001B2F4B /* Sources */,
			);
			path = Display;
			sourceTree = "<group>";
		};
		18D62A4D2D27F570001B2F4B /* Display */ = {
			isa = PBXGroup;
			children = (
				18D62A492D27F570001B2F4B /* Display */,
				18D62A4A2D27F570001B2F4B /* Display.podspec */,
				18D62A4B2D27F570001B2F4B /* Display.xcodeproj */,
				18D62A4C2D27F570001B2F4B /* LICENSE */,
			);
			path = Display;
			sourceTree = "<group>";
		};
		18D62A502D27F570001B2F4B /* TYSpriteSdk */ = {
			isa = PBXGroup;
			children = (
				18D62A4D2D27F570001B2F4B /* Display */,
				18D62A4E2D27F570001B2F4B /* LICENSE */,
				18D62A4F2D27F570001B2F4B /* TYSpriteSdk.podspec */,
			);
			path = TYSpriteSdk;
			sourceTree = "<group>";
		};
		18D62A512D27F570001B2F4B /* Products */ = {
			isa = PBXGroup;
			children = (
				18D62A552D27F570001B2F4B /* Display.framework */,
			);
			name = Products;
			sourceTree = "<group>";
		};
		39FFFAA12E629A1581CC8750 /* Frameworks */ = {
			isa = PBXGroup;
			children = (
				AB1D4397AB1EBC850C222001 /* Pods_TYSpriteSdkDemo.framework */,
			);
			name = Frameworks;
			sourceTree = "<group>";
		};
		8D54CD8667655D9A02EC4C95 /* Pods */ = {
			isa = PBXGroup;
			children = (
				E3D3F86CE5D12F5CEFA06D3C /* Pods-TYSpriteSdkDemo.debug.xcconfig */,
				7CBF4BE6135EE835C38A9839 /* Pods-TYSpriteSdkDemo.release.xcconfig */,
			);
			path = Pods;
			sourceTree = "<group>";
		};
/* End PBXGroup section */

/* Begin PBXNativeTarget section */
		18D62A1D2D27EEA2001B2F4B /* TYSpriteSdkDemo */ = {
			isa = PBXNativeTarget;
			buildConfigurationList = 18D62A322D27EEA3001B2F4B /* Build configuration list for PBXNativeTarget "TYSpriteSdkDemo" */;
			buildPhases = (
				7280EC306C89870377AC1ACE /* [CP] Check Pods Manifest.lock */,
				18D62A1A2D27EEA2001B2F4B /* Sources */,
				18D62A1B2D27EEA2001B2F4B /* Frameworks */,
				18D62A1C2D27EEA2001B2F4B /* Resources */,
			);
			buildRules = (
			);
			dependencies = (
			);
			name = TYSpriteSdkDemo;
			productName = TYSpriteSdkDemo;
			productReference = 18D62A1E2D27EEA2001B2F4B /* TYSpriteSdkDemo.app */;
			productType = "com.apple.product-type.application";
		};
/* End PBXNativeTarget section */

/* Begin PBXProject section */
		18D62A162D27EEA2001B2F4B /* Project object */ = {
			isa = PBXProject;
			attributes = {
				BuildIndependentTargetsInParallel = 1;
				LastSwiftUpdateCheck = 1540;
				LastUpgradeCheck = 1540;
				TargetAttributes = {
					18D62A1D2D27EEA2001B2F4B = {
						CreatedOnToolsVersion = 15.4;
					};
				};
			};
			buildConfigurationList = 18D62A192D27EEA2001B2F4B /* Build configuration list for PBXProject "TYSpriteSdkDemo" */;
			compatibilityVersion = "Xcode 14.0";
			developmentRegion = en;
			hasScannedForEncodings = 0;
			knownRegions = (
				en,
				Base,
			);
			mainGroup = 18D62A152D27EEA2001B2F4B;
			productRefGroup = 18D62A1F2D27EEA2001B2F4B /* Products */;
			projectDirPath = "";
			projectReferences = (
				{
					ProductGroup = 18D62A512D27F570001B2F4B /* Products */;
					ProjectRef = 18D62A4B2D27F570001B2F4B /* Display.xcodeproj */;
				},
			);
			projectRoot = "";
			targets = (
				18D62A1D2D27EEA2001B2F4B /* TYSpriteSdkDemo */,
			);
		};
/* End PBXProject section */

/* Begin PBXReferenceProxy section */
		18D62A552D27F570001B2F4B /* Display.framework */ = {
			isa = PBXReferenceProxy;
			fileType = wrapper.framework;
			path = Display.framework;
			remoteRef = 18D62A542D27F570001B2F4B /* PBXContainerItemProxy */;
			sourceTree = BUILT_PRODUCTS_DIR;
		};
/* End PBXReferenceProxy section */

/* Begin PBXResourcesBuildPhase section */
		18D62A1C2D27EEA2001B2F4B /* Resources */ = {
			isa = PBXResourcesBuildPhase;
			buildActionMask = 2147483647;
			files = (
				18D62A592D27F570001B2F4B /* LICENSE in Resources */,
				18D62A2B2D27EEA3001B2F4B /* Assets.xcassets in Resources */,
				18D62A572D27F570001B2F4B /* Display.podspec in Resources */,
				18D62A5A2D27F570001B2F4B /* TYSpriteSdk.podspec in Resources */,
				18D62A2E2D27EEA3001B2F4B /* Base in Resources */,
				18D62A292D27EEA2001B2F4B /* Base in Resources */,
				18D62A582D27F570001B2F4B /* LICENSE in Resources */,
			);
			runOnlyForDeploymentPostprocessing = 0;
		};
/* End PBXResourcesBuildPhase section */

/* Begin PBXShellScriptBuildPhase section */
		7280EC306C89870377AC1ACE /* [CP] Check Pods Manifest.lock */ = {
			isa = PBXShellScriptBuildPhase;
			buildActionMask = 2147483647;
			files = (
			);
			inputFileListPaths = (
			);
			inputPaths = (
				"${PODS_PODFILE_DIR_PATH}/Podfile.lock",
				"${PODS_ROOT}/Manifest.lock",
			);
			name = "[CP] Check Pods Manifest.lock";
			outputFileListPaths = (
			);
			outputPaths = (
				"$(DERIVED_FILE_DIR)/Pods-TYSpriteSdkDemo-checkManifestLockResult.txt",
			);
			runOnlyForDeploymentPostprocessing = 0;
			shellPath = /bin/sh;
			shellScript = "diff \"${PODS_PODFILE_DIR_PATH}/Podfile.lock\" \"${PODS_ROOT}/Manifest.lock\" > /dev/null\nif [ $? != 0 ] ; then\n    # print error to STDERR\n    echo \"error: The sandbox is not in sync with the Podfile.lock. Run 'pod install' or update your CocoaPods installation.\" >&2\n    exit 1\nfi\n# This output is used by Xcode 'outputs' to avoid re-running this script phase.\necho \"SUCCESS\" > \"${SCRIPT_OUTPUT_FILE_0}\"\n";
			showEnvVarsInLog = 0;
		};
/* End PBXShellScriptBuildPhase section */

/* Begin PBXSourcesBuildPhase section */
		18D62A1A2D27EEA2001B2F4B /* Sources */ = {
			isa = PBXSourcesBuildPhase;
			buildActionMask = 2147483647;
			files = (
				18D62A262D27EEA2001B2F4B /* ViewController.swift in Sources */,
				18D62A562D27F570001B2F4B /* NativeWindowHostView.swift in Sources */,
				18D62A222D27EEA2001B2F4B /* AppDelegate.swift in Sources */,
				18D62A242D27EEA2001B2F4B /* SceneDelegate.swift in Sources */,
			);
			runOnlyForDeploymentPostprocessing = 0;
		};
/* End PBXSourcesBuildPhase section */

/* Begin PBXVariantGroup section */
		18D62A272D27EEA2001B2F4B /* Main.storyboard */ = {
			isa = PBXVariantGroup;
			children = (
				18D62A282D27EEA2001B2F4B /* Base */,
			);
			name = Main.storyboard;
			sourceTree = "<group>";
		};
		18D62A2C2D27EEA3001B2F4B /* LaunchScreen.storyboard */ = {
			isa = PBXVariantGroup;
			children = (
				18D62A2D2D27EEA3001B2F4B /* Base */,
			);
			name = LaunchScreen.storyboard;
			sourceTree = "<group>";
		};
/* End PBXVariantGroup section */

/* Begin XCBuildConfiguration section */
		18D62A302D27EEA3001B2F4B /* Debug */ = {
			isa = XCBuildConfiguration;
			buildSettings = {
				ALWAYS_SEARCH_USER_PATHS = NO;
				ASSETCATALOG_COMPILER_GENERATE_SWIFT_ASSET_SYMBOL_EXTENSIONS = YES;
				CLANG_ANALYZER_NONNULL = YES;
				CLANG_ANALYZER_NUMBER_OBJECT_CONVERSION = YES_AGGRESSIVE;
				CLANG_CXX_LANGUAGE_STANDARD = "gnu++20";
				CLANG_ENABLE_MODULES = YES;
				CLANG_ENABLE_OBJC_ARC = YES;
				CLANG_ENABLE_OBJC_WEAK = YES;
				CLANG_WARN_BLOCK_CAPTURE_AUTORELEASING = YES;
				CLANG_WARN_BOOL_CONVERSION = YES;
				CLANG_WARN_COMMA = YES;
				CLANG_WARN_CONSTANT_CONVERSION = YES;
				CLANG_WARN_DEPRECATED_OBJC_IMPLEMENTATIONS = YES;
				CLANG_WARN_DIRECT_OBJC_ISA_USAGE = YES_ERROR;
				CLANG_WARN_DOCUMENTATION_COMMENTS = YES;
				CLANG_WARN_EMPTY_BODY = YES;
				CLANG_WARN_ENUM_CONVERSION = YES;
				CLANG_WARN_INFINITE_RECURSION = YES;
				CLANG_WARN_INT_CONVERSION = YES;
				CLANG_WARN_NON_LITERAL_NULL_CONVERSION = YES;
				CLANG_WARN_OBJC_IMPLICIT_RETAIN_SELF = YES;
				CLANG_WARN_OBJC_LITERAL_CONVERSION = YES;
				CLANG_WARN_OBJC_ROOT_CLASS = YES_ERROR;
				CLANG_WARN_QUOTED_INCLUDE_IN_FRAMEWORK_HEADER = YES;
				CLANG_WARN_RANGE_LOOP_ANALYSIS = YES;
				CLANG_WARN_STRICT_PROTOTYPES = YES;
				CLANG_WARN_SUSPICIOUS_MOVE = YES;
				CLANG_WARN_UNGUARDED_AVAILABILITY = YES_AGGRESSIVE;
				CLANG_WARN_UNREACHABLE_CODE = YES;
				CLANG_WARN__DUPLICATE_METHOD_MATCH = YES;
				COPY_PHASE_STRIP = NO;
				DEBUG_INFORMATION_FORMAT = dwarf;
				ENABLE_STRICT_OBJC_MSGSEND = YES;
				ENABLE_TESTABILITY = YES;
				ENABLE_USER_SCRIPT_SANDBOXING = YES;
				GCC_C_LANGUAGE_STANDARD = gnu17;
				GCC_DYNAMIC_NO_PIC = NO;
				GCC_NO_COMMON_BLOCKS = YES;
				GCC_OPTIMIZATION_LEVEL = 0;
				GCC_PREPROCESSOR_DEFINITIONS = (
					"DEBUG=1",
					"$(inherited)",
				);
				GCC_WARN_64_TO_32_BIT_CONVERSION = YES;
				GCC_WARN_ABOUT_RETURN_TYPE = YES_ERROR;
				GCC_WARN_UNDECLARED_SELECTOR = YES;
				GCC_WARN_UNINITIALIZED_AUTOS = YES_AGGRESSIVE;
				GCC_WARN_UNUSED_FUNCTION = YES;
				GCC_WARN_UNUSED_VARIABLE = YES;
				IPHONEOS_DEPLOYMENT_TARGET = 12.0;
				LOCALIZATION_PREFERS_STRING_CATALOGS = YES;
				MTL_ENABLE_DEBUG_INFO = INCLUDE_SOURCE;
				MTL_FAST_MATH = YES;
				ONLY_ACTIVE_ARCH = YES;
				SDKROOT = iphoneos;
				SWIFT_ACTIVE_COMPILATION_CONDITIONS = "DEBUG $(inherited)";
				SWIFT_OPTIMIZATION_LEVEL = "-Onone";
			};
			name = Debug;
		};
		18D62A312D27EEA3001B2F4B /* Release */ = {
			isa = XCBuildConfiguration;
			buildSettings = {
				ALWAYS_SEARCH_USER_PATHS = NO;
				ASSETCATALOG_COMPILER_GENERATE_SWIFT_ASSET_SYMBOL_EXTENSIONS = YES;
				CLANG_ANALYZER_NONNULL = YES;
				CLANG_ANALYZER_NUMBER_OBJECT_CONVERSION = YES_AGGRESSIVE;
				CLANG_CXX_LANGUAGE_STANDARD = "gnu++20";
				CLANG_ENABLE_MODULES = YES;
				CLANG_ENABLE_OBJC_ARC = YES;
				CLANG_ENABLE_OBJC_WEAK = YES;
				CLANG_WARN_BLOCK_CAPTURE_AUTORELEASING = YES;
				CLANG_WARN_BOOL_CONVERSION = YES;
				CLANG_WARN_COMMA = YES;
				CLANG_WARN_CONSTANT_CONVERSION = YES;
				CLANG_WARN_DEPRECATED_OBJC_IMPLEMENTATIONS = YES;
				CLANG_WARN_DIRECT_OBJC_ISA_USAGE = YES_ERROR;
				CLANG_WARN_DOCUMENTATION_COMMENTS = YES;
				CLANG_WARN_EMPTY_BODY = YES;
				CLANG_WARN_ENUM_CONVERSION = YES;
				CLANG_WARN_INFINITE_RECURSION = YES;
				CLANG_WARN_INT_CONVERSION = YES;
				CLANG_WARN_NON_LITERAL_NULL_CONVERSION = YES;
				CLANG_WARN_OBJC_IMPLICIT_RETAIN_SELF = YES;
				CLANG_WARN_OBJC_LITERAL_CONVERSION = YES;
				CLANG_WARN_OBJC_ROOT_CLASS = YES_ERROR;
				CLANG_WARN_QUOTED_INCLUDE_IN_FRAMEWORK_HEADER = YES;
				CLANG_WARN_RANGE_LOOP_ANALYSIS = YES;
				CLANG_WARN_STRICT_PROTOTYPES = YES;
				CLANG_WARN_SUSPICIOUS_MOVE = YES;
				CLANG_WARN_UNGUARDED_AVAILABILITY = YES_AGGRESSIVE;
				CLANG_WARN_UNREACHABLE_CODE = YES;
				CLANG_WARN__DUPLICATE_METHOD_MATCH = YES;
				COPY_PHASE_STRIP = NO;
				DEBUG_INFORMATION_FORMAT = "dwarf-with-dsym";
				ENABLE_NS_ASSERTIONS = NO;
				ENABLE_STRICT_OBJC_MSGSEND = YES;
				ENABLE_USER_SCRIPT_SANDBOXING = YES;
				GCC_C_LANGUAGE_STANDARD = gnu17;
				GCC_NO_COMMON_BLOCKS = YES;
				GCC_WARN_64_TO_32_BIT_CONVERSION = YES;
				GCC_WARN_ABOUT_RETURN_TYPE = YES_ERROR;
				GCC_WARN_UNDECLARED_SELECTOR = YES;
				GCC_WARN_UNINITIALIZED_AUTOS = YES_AGGRESSIVE;
				GCC_WARN_UNUSED_FUNCTION = YES;
				GCC_WARN_UNUSED_VARIABLE = YES;
				IPHONEOS_DEPLOYMENT_TARGET = 12.0;
				LOCALIZATION_PREFERS_STRING_CATALOGS = YES;
				MTL_ENABLE_DEBUG_INFO = NO;
				MTL_FAST_MATH = YES;
				SDKROOT = iphoneos;
				SWIFT_COMPILATION_MODE = wholemodule;
				VALIDATE_PRODUCT = YES;
			};
			name = Release;
		};
		18D62A332D27EEA3001B2F4B /* Debug */ = {
			isa = XCBuildConfiguration;
			baseConfigurationReference = E3D3F86CE5D12F5CEFA06D3C /* Pods-TYSpriteSdkDemo.debug.xcconfig */;
			buildSettings = {
				ASSETCATALOG_COMPILER_APPICON_NAME = AppIcon;
				ASSETCATALOG_COMPILER_GLOBAL_ACCENT_COLOR_NAME = AccentColor;
				CODE_SIGN_STYLE = Automatic;
				CURRENT_PROJECT_VERSION = 1;
				GENERATE_INFOPLIST_FILE = YES;
				INFOPLIST_FILE = TYSpriteSdkDemo/Info.plist;
				INFOPLIST_KEY_UIApplicationSupportsIndirectInputEvents = YES;
				INFOPLIST_KEY_UILaunchStoryboardName = LaunchScreen;
				INFOPLIST_KEY_UIMainStoryboardFile = Main;
				INFOPLIST_KEY_UISupportedInterfaceOrientations_iPad = "UIInterfaceOrientationPortrait UIInterfaceOrientationPortraitUpsideDown UIInterfaceOrientationLandscapeLeft UIInterfaceOrientationLandscapeRight";
				INFOPLIST_KEY_UISupportedInterfaceOrientations_iPhone = "UIInterfaceOrientationPortrait UIInterfaceOrientationLandscapeLeft UIInterfaceOrientationLandscapeRight";
				LD_RUNPATH_SEARCH_PATHS = (
					"$(inherited)",
					"@executable_path/Frameworks",
				);
				MARKETING_VERSION = 1.0;
				PRODUCT_BUNDLE_IDENTIFIER = com.ty.TYSpriteSdkDemo;
				PRODUCT_NAME = "$(TARGET_NAME)";
				SWIFT_EMIT_LOC_STRINGS = YES;
				SWIFT_VERSION = 5.0;
				TARGETED_DEVICE_FAMILY = "1,2";
			};
			name = Debug;
		};
		18D62A342D27EEA3001B2F4B /* Release */ = {
			isa = XCBuildConfiguration;
			baseConfigurationReference = 7CBF4BE6135EE835C38A9839 /* Pods-TYSpriteSdkDemo.release.xcconfig */;
			buildSettings = {
				ASSETCATALOG_COMPILER_APPICON_NAME = AppIcon;
				ASSETCATALOG_COMPILER_GLOBAL_ACCENT_COLOR_NAME = AccentColor;
				CODE_SIGN_STYLE = Automatic;
				CURRENT_PROJECT_VERSION = 1;
				GENERATE_INFOPLIST_FILE = YES;
				INFOPLIST_FILE = TYSpriteSdkDemo/Info.plist;
				INFOPLIST_KEY_UIApplicationSupportsIndirectInputEvents = YES;
				INFOPLIST_KEY_UILaunchStoryboardName = LaunchScreen;
				INFOPLIST_KEY_UIMainStoryboardFile = Main;
				INFOPLIST_KEY_UISupportedInterfaceOrientations_iPad = "UIInterfaceOrientationPortrait UIInterfaceOrientationPortraitUpsideDown UIInterfaceOrientationLandscapeLeft UIInterfaceOrientationLandscapeRight";
				INFOPLIST_KEY_UISupportedInterfaceOrientations_iPhone = "UIInterfaceOrientationPortrait UIInterfaceOrientationLandscapeLeft UIInterfaceOrientationLandscapeRight";
				LD_RUNPATH_SEARCH_PATHS = (
					"$(inherited)",
					"@executable_path/Frameworks",
				);
				MARKETING_VERSION = 1.0;
				PRODUCT_BUNDLE_IDENTIFIER = com.ty.TYSpriteSdkDemo;
				PRODUCT_NAME = "$(TARGET_NAME)";
				SWIFT_EMIT_LOC_STRINGS = YES;
				SWIFT_VERSION = 5.0;
				TARGETED_DEVICE_FAMILY = "1,2";
			};
			name = Release;
		};
/* End XCBuildConfiguration section */

/* Begin XCConfigurationList section */
		18D62A192D27EEA2001B2F4B /* Build configuration list for PBXProject "TYSpriteSdkDemo" */ = {
			isa = XCConfigurationList;
			buildConfigurations = (
				18D62A302D27EEA3001B2F4B /* Debug */,
				18D62A312D27EEA3001B2F4B /* Release */,
			);
			defaultConfigurationIsVisible = 0;
			defaultConfigurationName = Release;
		};
		18D62A322D27EEA3001B2F4B /* Build configuration list for PBXNativeTarget "TYSpriteSdkDemo" */ = {
			isa = XCConfigurationList;
			buildConfigurations = (
				18D62A332D27EEA3001B2F4B /* Debug */,
				18D62A342D27EEA3001B2F4B /* Release */,
			);
			defaultConfigurationIsVisible = 0;
			defaultConfigurationName = Release;
		};
/* End XCConfigurationList section */
	};
	rootObject = 18D62A162D27EEA2001B2F4B /* Project object */;
}
